
Microsoft Visual Studio Solution File, Format Version 12.00
# Visual Studio Version 16
VisualStudioVersion = 16.0.31624.102
MinimumVisualStudioVersion = 10.0.40219.1
Project("{8BC9CEB8-8B4A-11D0-8D11-00A0C91BC942}") = "Task_5", "Task_5\Task_5.vcxproj", "{8DDB3186-1E3A-4AB5-A907-2BD265B5BACA}"
EndProject
Global
	GlobalSection(SolutionConfigurationPlatforms) = preSolution
		Debug|x64 = Debug|x64
		Debug|x86 = Debug|x86
		Release|x64 = Release|x64
		Release|x86 = Release|x86
	EndGlobalSection
	GlobalSection(ProjectConfigurationPlatforms) = postSolution
		{8DDB3186-1E3A-4AB5-A907-2BD265B5BACA}.Debug|x64.ActiveCfg = Debug|x64
		{8DDB3186-1E3A-4AB5-A907-2BD265B5BACA}.Debug|x64.Build.0 = Debug|x64
		{8DDB3186-1E3A-4AB5-A907-2BD265B5BACA}.Debug|x86.ActiveCfg = Debug|Win32
		{8DDB3186-1E3A-4AB5-A907-2BD265B5BACA}.Debug|x86.Build.0 = Debug|Win32
		{8DDB3186-1E3A-4AB5-A907-2BD265B5BACA}.Release|x64.ActiveCfg = Release|x64
		{8DDB3186-1E3A-4AB5-A907-2BD265B5BACA}.Release|x64.Build.0 = Release|x64
		{8DDB3186-1E3A-4AB5-A907-2BD265B5BACA}.Release|x86.ActiveCfg = Release|Win32
		{8DDB3186-1E3A-4AB5-A907-2BD265B5BACA}.Release|x86.Build.0 = Release|Win32
	EndGlobalSection
	GlobalSection(SolutionProperties) = preSolution
		HideSolutionNode = FALSE
	EndGlobalSection
	GlobalSection(ExtensibilityGlobals) = postSolution
		SolutionGuid = {1DC8B93C-6E2C-43B7-B764-5E6FA63C0D4F}
	EndGlobalSection
EndGlobal
